# THIS IS AN AUTOGENERATED FILE. DO NOT EDIT THIS FILE DIRECTLY.
# yarn lockfile v1


"@chainlink/contracts@^0.2.2":
  version "0.2.2"
  resolved "https://registry.yarnpkg.com/@chainlink/contracts/-/contracts-0.2.2.tgz#8ea2079d8b22d25807fc63b98ccd3dc0bc2a33fe"
  integrity sha512-wxXPbt7O3aZaUSG34ufFASC5amRSL6eeYCqsa+2gpqbB8Hk7B7FydEDCI5dqvAC444TlFskPHcVbizCZkRHPpw==

"@openzeppelin/contracts@^4.3.3":
  version "4.3.3"
  resolved "https://registry.yarnpkg.com/@openzeppelin/contracts/-/contracts-4.3.3.tgz#ff6ee919fc2a1abaf72b22814bfb72ed129ec137"
  integrity sha512-tDBopO1c98Yk7Cv/PZlHqrvtVjlgK5R4J6jxLwoO7qxK4xqOiZG+zSkIvGFpPZ0ikc3QOED3plgdqjgNTnBc7g==
